dependencies:
- name: elasticsearch
  repository: https://charts.bitnami.com/bitnami
  version: 21.3.26
- name: jaeger
  repository: https://jaegertracing.github.io/helm-charts
  version: 3.3.2
digest: sha256:12a80a119af2dddfdb9fa76f4550640b39a4fb8670f476b4c69160696c1fde43
generated: "2024-11-25T11:05:32.186829+01:00"
